
Microsoft Visual Studio Solution File, Format Version 12.00
# Visual Studio Version 17
VisualStudioVersion = 17.14.36301.6
MinimumVisualStudioVersion = 10.0.40219.1
Project("{FAE04EC0-301F-11D3-BF4B-00C04F79EFBC}") = "ConsoleApp1", "ConsoleApp1\ConsoleApp1.csproj", "{D6F50740-CBA2-4822-8B26-AD3A8AD51DEF}"
EndProject
Project("{FAE04EC0-301F-11D3-BF4B-00C04F79EFBC}") = "lab2", "lab2\lab2.csproj", "{CE8523CF-9243-4799-ABC4-73785F9E66B4}"
EndProject
Project("{FAE04EC0-301F-11D3-BF4B-00C04F79EFBC}") = "Lab1", "Lab1\Lab1.csproj", "{718E0C10-E6C9-4772-8F20-27EBD96F4F09}"
EndProject
Project("{FAE04EC0-301F-11D3-BF4B-00C04F79EFBC}") = "Lab3", "ConsoleApp2\Lab3.csproj", "{8E1A09FA-1185-4F58-9954-CAF244AE9DC8}"
EndProject
Project("{FAE04EC0-301F-11D3-BF4B-00C04F79EFBC}") = "Lab4", "Lab4\Lab4.csproj", "{56E9FA0C-3014-4E17-A047-3E7E010D78B4}"
EndProject
Project("{FAE04EC0-301F-11D3-BF4B-00C04F79EFBC}") = "Lab5", "Lab5\Lab5.csproj", "{F94027CD-597A-46B5-BFC9-B6CBF7A5EF8F}"
EndProject
Project("{FAE04EC0-301F-11D3-BF4B-00C04F79EFBC}") = "Lab6", "Lab6\Lab6.csproj", "{65C81493-1873-423B-AFC6-9B3C744950E3}"
EndProject
Global
	GlobalSection(SolutionConfigurationPlatforms) = preSolution
		Debug|Any CPU = Debug|Any CPU
		Release|Any CPU = Release|Any CPU
	EndGlobalSection
	GlobalSection(ProjectConfigurationPlatforms) = postSolution
		{D6F50740-CBA2-4822-8B26-AD3A8AD51DEF}.Debug|Any CPU.ActiveCfg = Debug|Any CPU
		{D6F50740-CBA2-4822-8B26-AD3A8AD51DEF}.Debug|Any CPU.Build.0 = Debug|Any CPU
		{D6F50740-CBA2-4822-8B26-AD3A8AD51DEF}.Release|Any CPU.ActiveCfg = Release|Any CPU
		{D6F50740-CBA2-4822-8B26-AD3A8AD51DEF}.Release|Any CPU.Build.0 = Release|Any CPU
		{CE8523CF-9243-4799-ABC4-73785F9E66B4}.Debug|Any CPU.ActiveCfg = Debug|Any CPU
		{CE8523CF-9243-4799-ABC4-73785F9E66B4}.Debug|Any CPU.Build.0 = Debug|Any CPU
		{CE8523CF-9243-4799-ABC4-73785F9E66B4}.Release|Any CPU.ActiveCfg = Release|Any CPU
		{CE8523CF-9243-4799-ABC4-73785F9E66B4}.Release|Any CPU.Build.0 = Release|Any CPU
		{718E0C10-E6C9-4772-8F20-27EBD96F4F09}.Debug|Any CPU.ActiveCfg = Debug|Any CPU
		{718E0C10-E6C9-4772-8F20-27EBD96F4F09}.Debug|Any CPU.Build.0 = Debug|Any CPU
		{718E0C10-E6C9-4772-8F20-27EBD96F4F09}.Release|Any CPU.ActiveCfg = Release|Any CPU
		{718E0C10-E6C9-4772-8F20-27EBD96F4F09}.Release|Any CPU.Build.0 = Release|Any CPU
		{8E1A09FA-1185-4F58-9954-CAF244AE9DC8}.Debug|Any CPU.ActiveCfg = Debug|Any CPU
		{8E1A09FA-1185-4F58-9954-CAF244AE9DC8}.Debug|Any CPU.Build.0 = Debug|Any CPU
		{8E1A09FA-1185-4F58-9954-CAF244AE9DC8}.Release|Any CPU.ActiveCfg = Release|Any CPU
		{8E1A09FA-1185-4F58-9954-CAF244AE9DC8}.Release|Any CPU.Build.0 = Release|Any CPU
		{56E9FA0C-3014-4E17-A047-3E7E010D78B4}.Debug|Any CPU.ActiveCfg = Debug|Any CPU
		{56E9FA0C-3014-4E17-A047-3E7E010D78B4}.Debug|Any CPU.Build.0 = Debug|Any CPU
		{56E9FA0C-3014-4E17-A047-3E7E010D78B4}.Release|Any CPU.ActiveCfg = Release|Any CPU
		{56E9FA0C-3014-4E17-A047-3E7E010D78B4}.Release|Any CPU.Build.0 = Release|Any CPU
		{F94027CD-597A-46B5-BFC9-B6CBF7A5EF8F}.Debug|Any CPU.ActiveCfg = Debug|Any CPU
		{F94027CD-597A-46B5-BFC9-B6CBF7A5EF8F}.Debug|Any CPU.Build.0 = Debug|Any CPU
		{F94027CD-597A-46B5-BFC9-B6CBF7A5EF8F}.Release|Any CPU.ActiveCfg = Release|Any CPU
		{F94027CD-597A-46B5-BFC9-B6CBF7A5EF8F}.Release|Any CPU.Build.0 = Release|Any CPU
		{65C81493-1873-423B-AFC6-9B3C744950E3}.Debug|Any CPU.ActiveCfg = Debug|Any CPU
		{65C81493-1873-423B-AFC6-9B3C744950E3}.Debug|Any CPU.Build.0 = Debug|Any CPU
		{65C81493-1873-423B-AFC6-9B3C744950E3}.Release|Any CPU.ActiveCfg = Release|Any CPU
		{65C81493-1873-423B-AFC6-9B3C744950E3}.Release|Any CPU.Build.0 = Release|Any CPU
	EndGlobalSection
	GlobalSection(SolutionProperties) = preSolution
		HideSolutionNode = FALSE
	EndGlobalSection
	GlobalSection(ExtensibilityGlobals) = postSolution
		SolutionGuid = {C8C8F2DA-35D2-4758-9702-69E92769A4CA}
	EndGlobalSection
EndGlobal
